// !$*UTF8*$!
{
	archiveVersion = 1;
	classes = {
	};
	objectVersion = 50;
	objects = {

/* Begin PBXBuildFile section */
		D0601F6D22FE5A4A007CE5F0 /* fileManager.c in Sources */ = {isa = PBXBuildFile; fileRef = D0601F6C22FE5A4A007CE5F0 /* fileManager.c */; };
		D091D0C722F7BDB700701D36 /* graphics.c in Sources */ = {isa = PBXBuildFile; fileRef = D091D0C622F7BDB700701D36 /* graphics.c */; };
		D091D0CA22F7BEDF00701D36 /* titleScreen.c in Sources */ = {isa = PBXBuildFile; fileRef = D091D0C922F7BEDF00701D36 /* titleScreen.c */; };
		D091D0D022F7BF3A00701D36 /* displayText.c in Sources */ = {isa = PBXBuildFile; fileRef = D091D0CF22F7BF3A00701D36 /* displayText.c */; };
		D091D0DB22F7C07E00701D36 /* SDL2.framework in Frameworks */ = {isa = PBXBuildFile; fileRef = D091D0D922F7C07E00701D36 /* SDL2.framework */; settings = {ATTRIBUTES = (Required, ); }; };
		D091D0DC22F7C07E00701D36 /* SDL2_ttf.framework in Frameworks */ = {isa = PBXBuildFile; fileRef = D091D0DA22F7C07E00701D36 /* SDL2_ttf.framework */; };
		D091D0DD22F7C09100701D36 /* SDL2_ttf.framework in CopyFiles */ = {isa = PBXBuildFile; fileRef = D091D0DA22F7C07E00701D36 /* SDL2_ttf.framework */; };
		D091D0DE22F7C09100701D36 /* SDL2.framework in CopyFiles */ = {isa = PBXBuildFile; fileRef = D091D0D922F7C07E00701D36 /* SDL2.framework */; };
		D091D10222F7C5E900701D36 /* Perfect DOS VGA 437.ttf in CopyFiles */ = {isa = PBXBuildFile; fileRef = D091D0FE22F7C5E800701D36 /* Perfect DOS VGA 437.ttf */; };
		D091D10322F7C5E900701D36 /* Arial.ttf in CopyFiles */ = {isa = PBXBuildFile; fileRef = D091D0FF22F7C5E800701D36 /* Arial.ttf */; };
		D091D10422F7C5E900701D36 /* VCR_OSD_MONO.ttf in CopyFiles */ = {isa = PBXBuildFile; fileRef = D091D10022F7C5E800701D36 /* VCR_OSD_MONO.ttf */; };
		D091D10522F7C5E900701D36 /* Nasalization.ttf in CopyFiles */ = {isa = PBXBuildFile; fileRef = D091D10122F7C5E800701D36 /* Nasalization.ttf */; };
		D0F6C3A322FF9E8600E4F42F /* SDL2_image.framework in Frameworks */ = {isa = PBXBuildFile; fileRef = D0F6C3A222FF9E8600E4F42F /* SDL2_image.framework */; };
		D0F6C3A422FF9E8C00E4F42F /* SDL2_image.framework in CopyFiles */ = {isa = PBXBuildFile; fileRef = D0F6C3A222FF9E8600E4F42F /* SDL2_image.framework */; };
		D0F6C3A922FFAC7300E4F42F /* selector.png in CopyFiles */ = {isa = PBXBuildFile; fileRef = D0F6C3A822FFAC7300E4F42F /* selector.png */; };
		D0F6C3AB22FFBC8C00E4F42F /* gameScreen.c in Sources */ = {isa = PBXBuildFile; fileRef = D0F6C3AA22FFBC8C00E4F42F /* gameScreen.c */; };
		F062578B22EFC7BC00808061 /* textManipulation.c in Sources */ = {isa = PBXBuildFile; fileRef = F062578522EFC7BC00808061 /* textManipulation.c */; };
		F062578D22EFC7BC00808061 /* mylib.c in Sources */ = {isa = PBXBuildFile; fileRef = F062578922EFC7BC00808061 /* mylib.c */; };
		F0C4143622DEC43D000363DE /* main.c in Sources */ = {isa = PBXBuildFile; fileRef = F0C4143522DEC43D000363DE /* main.c */; };
		F0ED04B622EFC92A00678A78 /* Devolution in CopyFiles */ = {isa = PBXBuildFile; fileRef = F062578422EFC7BC00808061 /* Devolution */; };
/* End PBXBuildFile section */

/* Begin PBXCopyFilesBuildPhase section */
		F0C4143022DEC43D000363DE /* CopyFiles */ = {
			isa = PBXCopyFilesBuildPhase;
			buildActionMask = 12;
			dstPath = "";
			dstSubfolderSpec = 16;
			files = (
				D0F6C3A922FFAC7300E4F42F /* selector.png in CopyFiles */,
				D0F6C3A422FF9E8C00E4F42F /* SDL2_image.framework in CopyFiles */,
				D091D10222F7C5E900701D36 /* Perfect DOS VGA 437.ttf in CopyFiles */,
				D091D10322F7C5E900701D36 /* Arial.ttf in CopyFiles */,
				D091D10422F7C5E900701D36 /* VCR_OSD_MONO.ttf in CopyFiles */,
				D091D10522F7C5E900701D36 /* Nasalization.ttf in CopyFiles */,
				D091D0DE22F7C09100701D36 /* SDL2.framework in CopyFiles */,
				D091D0DD22F7C09100701D36 /* SDL2_ttf.framework in CopyFiles */,
				F0ED04B622EFC92A00678A78 /* Devolution in CopyFiles */,
			);
			runOnlyForDeploymentPostprocessing = 0;
		};
/* End PBXCopyFilesBuildPhase section */

/* Begin PBXFileReference section */
		D0601F6B22FE5A4A007CE5F0 /* fileManager.h */ = {isa = PBXFileReference; fileEncoding = 4; lastKnownFileType = sourcecode.c.h; path = fileManager.h; sourceTree = "<group>"; };
		D0601F6C22FE5A4A007CE5F0 /* fileManager.c */ = {isa = PBXFileReference; fileEncoding = 4; lastKnownFileType = sourcecode.c.c; path = fileManager.c; sourceTree = "<group>"; };
		D091D0C522F7BDB700701D36 /* graphics.h */ = {isa = PBXFileReference; lastKnownFileType = sourcecode.c.h; path = graphics.h; sourceTree = "<group>"; };
		D091D0C622F7BDB700701D36 /* graphics.c */ = {isa = PBXFileReference; lastKnownFileType = sourcecode.c.c; path = graphics.c; sourceTree = "<group>"; };
		D091D0C822F7BEDF00701D36 /* titleScreen.h */ = {isa = PBXFileReference; lastKnownFileType = sourcecode.c.h; path = titleScreen.h; sourceTree = "<group>"; };
		D091D0C922F7BEDF00701D36 /* titleScreen.c */ = {isa = PBXFileReference; lastKnownFileType = sourcecode.c.c; path = titleScreen.c; sourceTree = "<group>"; };
		D091D0CB22F7BF0B00701D36 /* gameScreen.h */ = {isa = PBXFileReference; lastKnownFileType = sourcecode.c.h; path = gameScreen.h; sourceTree = "<group>"; };
		D091D0CE22F7BF3A00701D36 /* displayText.h */ = {isa = PBXFileReference; lastKnownFileType = sourcecode.c.h; path = displayText.h; sourceTree = "<group>"; };
		D091D0CF22F7BF3A00701D36 /* displayText.c */ = {isa = PBXFileReference; lastKnownFileType = sourcecode.c.c; path = displayText.c; sourceTree = "<group>"; };
		D091D0D922F7C07E00701D36 /* SDL2.framework */ = {isa = PBXFileReference; lastKnownFileType = wrapper.framework; name = SDL2.framework; path = "/home/cshome/j/jbode/COSC345-codebound/Devolution_Beta/SDL2.framework"; sourceTree = "<absolute>"; };
		D091D0DA22F7C07E00701D36 /* SDL2_ttf.framework */ = {isa = PBXFileReference; lastKnownFileType = wrapper.framework; name = SDL2_ttf.framework; path = "/home/cshome/j/jbode/COSC345-codebound/Devolution_Beta/SDL2_ttf.framework"; sourceTree = "<absolute>"; };
		D091D0FE22F7C5E800701D36 /* Perfect DOS VGA 437.ttf */ = {isa = PBXFileReference; lastKnownFileType = file; name = "Perfect DOS VGA 437.ttf"; path = "fonts/Perfect DOS VGA 437.ttf"; sourceTree = "<group>"; };
		D091D0FF22F7C5E800701D36 /* Arial.ttf */ = {isa = PBXFileReference; lastKnownFileType = file; name = Arial.ttf; path = fonts/Arial.ttf; sourceTree = "<group>"; };
		D091D10022F7C5E800701D36 /* VCR_OSD_MONO.ttf */ = {isa = PBXFileReference; lastKnownFileType = file; name = VCR_OSD_MONO.ttf; path = fonts/VCR_OSD_MONO.ttf; sourceTree = "<group>"; };
		D091D10122F7C5E800701D36 /* Nasalization.ttf */ = {isa = PBXFileReference; lastKnownFileType = file; name = Nasalization.ttf; path = fonts/Nasalization.ttf; sourceTree = "<group>"; };
		D0F6C3A222FF9E8600E4F42F /* SDL2_image.framework */ = {isa = PBXFileReference; lastKnownFileType = wrapper.framework; path = SDL2_image.framework; sourceTree = "<group>"; };
		D0F6C3A822FFAC7300E4F42F /* selector.png */ = {isa = PBXFileReference; lastKnownFileType = image.png; name = selector.png; path = images/selector.png; sourceTree = "<group>"; };
		D0F6C3AA22FFBC8C00E4F42F /* gameScreen.c */ = {isa = PBXFileReference; fileEncoding = 4; lastKnownFileType = sourcecode.c.c; path = gameScreen.c; sourceTree = "<group>"; };
		F062578422EFC7BC00808061 /* Devolution */ = {isa = PBXFileReference; lastKnownFileType = folder; path = Devolution; sourceTree = "<group>"; };
		F062578522EFC7BC00808061 /* textManipulation.c */ = {isa = PBXFileReference; fileEncoding = 4; lastKnownFileType = sourcecode.c.c; path = textManipulation.c; sourceTree = "<group>"; };
		F062578622EFC7BC00808061 /* textManipulation.h */ = {isa = PBXFileReference; fileEncoding = 4; lastKnownFileType = sourcecode.c.h; path = textManipulation.h; sourceTree = "<group>"; };
		F062578822EFC7BC00808061 /* mylib.h */ = {isa = PBXFileReference; fileEncoding = 4; lastKnownFileType = sourcecode.c.h; path = mylib.h; sourceTree = "<group>"; };
		F062578922EFC7BC00808061 /* mylib.c */ = {isa = PBXFileReference; fileEncoding = 4; lastKnownFileType = sourcecode.c.c; path = mylib.c; sourceTree = "<group>"; };
		F0C4143222DEC43D000363DE /* Devolution_Beta */ = {isa = PBXFileReference; explicitFileType = "compiled.mach-o.executable"; includeInIndex = 0; path = Devolution_Beta; sourceTree = BUILT_PRODUCTS_DIR; };
		F0C4143522DEC43D000363DE /* main.c */ = {isa = PBXFileReference; lastKnownFileType = sourcecode.c.c; path = main.c; sourceTree = "<group>"; };
/* End PBXFileReference section */

/* Begin PBXFrameworksBuildPhase section */
		F0C4142F22DEC43D000363DE /* Frameworks */ = {
			isa = PBXFrameworksBuildPhase;
			buildActionMask = 2147483647;
			files = (
				D0F6C3A322FF9E8600E4F42F /* SDL2_image.framework in Frameworks */,
				D091D0DB22F7C07E00701D36 /* SDL2.framework in Frameworks */,
				D091D0DC22F7C07E00701D36 /* SDL2_ttf.framework in Frameworks */,
			);
			runOnlyForDeploymentPostprocessing = 0;
		};
/* End PBXFrameworksBuildPhase section */

/* Begin PBXGroup section */
		D091D0B122F7BD0100701D36 /* Frameworks */ = {
			isa = PBXGroup;
			children = (
				D0F6C3A222FF9E8600E4F42F /* SDL2_image.framework */,
				D091D0DA22F7C07E00701D36 /* SDL2_ttf.framework */,
				D091D0D922F7C07E00701D36 /* SDL2.framework */,
			);
			name = Frameworks;
			sourceTree = "<group>";
		};
		D091D10622F7C5F300701D36 /* Fonts */ = {
			isa = PBXGroup;
			children = (
				D091D0FF22F7C5E800701D36 /* Arial.ttf */,
				D091D10122F7C5E800701D36 /* Nasalization.ttf */,
				D091D0FE22F7C5E800701D36 /* Perfect DOS VGA 437.ttf */,
				D091D10022F7C5E800701D36 /* VCR_OSD_MONO.ttf */,
			);
			name = Fonts;
			sourceTree = "<group>";
		};
		D0F6C3A722FFA53E00E4F42F /* images */ = {
			isa = PBXGroup;
			children = (
				D0F6C3A822FFAC7300E4F42F /* selector.png */,
			);
			name = images;
			sourceTree = "<group>";
		};
		F0C4142922DEC43D000363DE = {
			isa = PBXGroup;
			children = (
				F0C4143422DEC43D000363DE /* Devolution_Beta */,
				D0F6C3A722FFA53E00E4F42F /* images */,
				D091D10622F7C5F300701D36 /* Fonts */,
				F0C4143322DEC43D000363DE /* Products */,
				D091D0B122F7BD0100701D36 /* Frameworks */,
			);
			sourceTree = "<group>";
		};
		F0C4143322DEC43D000363DE /* Products */ = {
			isa = PBXGroup;
			children = (
				F0C4143222DEC43D000363DE /* Devolution_Beta */,
			);
			name = Products;
			sourceTree = "<group>";
		};
		F0C4143422DEC43D000363DE /* Devolution_Beta */ = {
			isa = PBXGroup;
			children = (
				F062578422EFC7BC00808061 /* Devolution */,
				F062578922EFC7BC00808061 /* mylib.c */,
				F062578822EFC7BC00808061 /* mylib.h */,
				D0601F6C22FE5A4A007CE5F0 /* fileManager.c */,
				D0601F6B22FE5A4A007CE5F0 /* fileManager.h */,
				F062578522EFC7BC00808061 /* textManipulation.c */,
				F062578622EFC7BC00808061 /* textManipulation.h */,
				F0C4143522DEC43D000363DE /* main.c */,
				D091D0C622F7BDB700701D36 /* graphics.c */,
				D091D0C522F7BDB700701D36 /* graphics.h */,
				D091D0C922F7BEDF00701D36 /* titleScreen.c */,
				D091D0C822F7BEDF00701D36 /* titleScreen.h */,
				D0F6C3AA22FFBC8C00E4F42F /* gameScreen.c */,
				D091D0CB22F7BF0B00701D36 /* gameScreen.h */,
				D091D0CF22F7BF3A00701D36 /* displayText.c */,
				D091D0CE22F7BF3A00701D36 /* displayText.h */,
			);
			path = Devolution_Beta;
			sourceTree = "<group>";
		};
/* End PBXGroup section */

/* Begin PBXNativeTarget section */
		F0C4143122DEC43D000363DE /* Devolution_Beta */ = {
			isa = PBXNativeTarget;
			buildConfigurationList = F0C4143922DEC43D000363DE /* Build configuration list for PBXNativeTarget "Devolution_Beta" */;
			buildPhases = (
				F0C4142E22DEC43D000363DE /* Sources */,
				F0C4142F22DEC43D000363DE /* Frameworks */,
				F0C4143022DEC43D000363DE /* CopyFiles */,
			);
			buildRules = (
			);
			dependencies = (
			);
			name = Devolution_Beta;
			productName = Devolution_Beta;
			productReference = F0C4143222DEC43D000363DE /* Devolution_Beta */;
			productType = "com.apple.product-type.tool";
		};
/* End PBXNativeTarget section */

/* Begin PBXProject section */
		F0C4142A22DEC43D000363DE /* Project object */ = {
			isa = PBXProject;
			attributes = {
				LastUpgradeCheck = 1010;
				ORGANIZATIONNAME = CodeBound;
				TargetAttributes = {
					F0C4143122DEC43D000363DE = {
						CreatedOnToolsVersion = 10.1;
					};
				};
			};
			buildConfigurationList = F0C4142D22DEC43D000363DE /* Build configuration list for PBXProject "Devolution_Beta" */;
			compatibilityVersion = "Xcode 9.3";
			developmentRegion = en;
			hasScannedForEncodings = 0;
			knownRegions = (
				en,
			);
			mainGroup = F0C4142922DEC43D000363DE;
			productRefGroup = F0C4143322DEC43D000363DE /* Products */;
			projectDirPath = "";
			projectRoot = "";
			targets = (
				F0C4143122DEC43D000363DE /* Devolution_Beta */,
			);
		};
/* End PBXProject section */

/* Begin PBXSourcesBuildPhase section */
		F0C4142E22DEC43D000363DE /* Sources */ = {
			isa = PBXSourcesBuildPhase;
			buildActionMask = 2147483647;
			files = (
				D091D0C722F7BDB700701D36 /* graphics.c in Sources */,
				D0601F6D22FE5A4A007CE5F0 /* fileManager.c in Sources */,
				D091D0D022F7BF3A00701D36 /* displayText.c in Sources */,
				D091D0CA22F7BEDF00701D36 /* titleScreen.c in Sources */,
				F062578D22EFC7BC00808061 /* mylib.c in Sources */,
				F0C4143622DEC43D000363DE /* main.c in Sources */,
				F062578B22EFC7BC00808061 /* textManipulation.c in Sources */,
				D0F6C3AB22FFBC8C00E4F42F /* gameScreen.c in Sources */,
			);
			runOnlyForDeploymentPostprocessing = 0;
		};
/* End PBXSourcesBuildPhase section */

/* Begin XCBuildConfiguration section */
		F0C4143722DEC43D000363DE /* Debug */ = {
			isa = XCBuildConfiguration;
			buildSettings = {
				ALWAYS_SEARCH_USER_PATHS = NO;
				CLANG_ANALYZER_NONNULL = YES;
				CLANG_ANALYZER_NUMBER_OBJECT_CONVERSION = YES_AGGRESSIVE;
				CLANG_CXX_LANGUAGE_STANDARD = "gnu++14";
				CLANG_CXX_LIBRARY = "libc++";
				CLANG_ENABLE_MODULES = YES;
				CLANG_ENABLE_OBJC_ARC = YES;
				CLANG_ENABLE_OBJC_WEAK = YES;
				CLANG_WARN_BLOCK_CAPTURE_AUTORELEASING = YES;
				CLANG_WARN_BOOL_CONVERSION = YES;
				CLANG_WARN_COMMA = YES;
				CLANG_WARN_CONSTANT_CONVERSION = YES;
				CLANG_WARN_DEPRECATED_OBJC_IMPLEMENTATIONS = YES;
				CLANG_WARN_DIRECT_OBJC_ISA_USAGE = YES_ERROR;
				CLANG_WARN_DOCUMENTATION_COMMENTS = YES;
				CLANG_WARN_EMPTY_BODY = YES;
				CLANG_WARN_ENUM_CONVERSION = YES;
				CLANG_WARN_INFINITE_RECURSION = YES;
				CLANG_WARN_INT_CONVERSION = YES;
				CLANG_WARN_NON_LITERAL_NULL_CONVERSION = YES;
				CLANG_WARN_OBJC_IMPLICIT_RETAIN_SELF = YES;
				CLANG_WARN_OBJC_LITERAL_CONVERSION = YES;
				CLANG_WARN_OBJC_ROOT_CLASS = YES_ERROR;
				CLANG_WARN_RANGE_LOOP_ANALYSIS = YES;
				CLANG_WARN_STRICT_PROTOTYPES = YES;
				CLANG_WARN_SUSPICIOUS_MOVE = YES;
				CLANG_WARN_UNGUARDED_AVAILABILITY = YES_AGGRESSIVE;
				CLANG_WARN_UNREACHABLE_CODE = YES;
				CLANG_WARN__DUPLICATE_METHOD_MATCH = YES;
				CODE_SIGN_IDENTITY = "-";
				COPY_PHASE_STRIP = NO;
				DEBUG_INFORMATION_FORMAT = dwarf;
				ENABLE_STRICT_OBJC_MSGSEND = YES;
				ENABLE_TESTABILITY = YES;
				GCC_C_LANGUAGE_STANDARD = gnu11;
				GCC_DYNAMIC_NO_PIC = NO;
				GCC_NO_COMMON_BLOCKS = YES;
				GCC_OPTIMIZATION_LEVEL = 0;
				GCC_PREPROCESSOR_DEFINITIONS = (
					"DEBUG=1",
					"$(inherited)",
				);
				GCC_WARN_64_TO_32_BIT_CONVERSION = YES;
				GCC_WARN_ABOUT_RETURN_TYPE = YES_ERROR;
				GCC_WARN_UNDECLARED_SELECTOR = YES;
				GCC_WARN_UNINITIALIZED_AUTOS = YES_AGGRESSIVE;
				GCC_WARN_UNUSED_FUNCTION = YES;
				GCC_WARN_UNUSED_VARIABLE = YES;
				MACOSX_DEPLOYMENT_TARGET = 10.14;
				MTL_ENABLE_DEBUG_INFO = INCLUDE_SOURCE;
				MTL_FAST_MATH = YES;
				ONLY_ACTIVE_ARCH = YES;
				SDKROOT = macosx;
			};
			name = Debug;
		};
		F0C4143822DEC43D000363DE /* Release */ = {
			isa = XCBuildConfiguration;
			buildSettings = {
				ALWAYS_SEARCH_USER_PATHS = NO;
				CLANG_ANALYZER_NONNULL = YES;
				CLANG_ANALYZER_NUMBER_OBJECT_CONVERSION = YES_AGGRESSIVE;
				CLANG_CXX_LANGUAGE_STANDARD = "gnu++14";
				CLANG_CXX_LIBRARY = "libc++";
				CLANG_ENABLE_MODULES = YES;
				CLANG_ENABLE_OBJC_ARC = YES;
				CLANG_ENABLE_OBJC_WEAK = YES;
				CLANG_WARN_BLOCK_CAPTURE_AUTORELEASING = YES;
				CLANG_WARN_BOOL_CONVERSION = YES;
				CLANG_WARN_COMMA = YES;
				CLANG_WARN_CONSTANT_CONVERSION = YES;
				CLANG_WARN_DEPRECATED_OBJC_IMPLEMENTATIONS = YES;
				CLANG_WARN_DIRECT_OBJC_ISA_USAGE = YES_ERROR;
				CLANG_WARN_DOCUMENTATION_COMMENTS = YES;
				CLANG_WARN_EMPTY_BODY = YES;
				CLANG_WARN_ENUM_CONVERSION = YES;
				CLANG_WARN_INFINITE_RECURSION = YES;
				CLANG_WARN_INT_CONVERSION = YES;
				CLANG_WARN_NON_LITERAL_NULL_CONVERSION = YES;
				CLANG_WARN_OBJC_IMPLICIT_RETAIN_SELF = YES;
				CLANG_WARN_OBJC_LITERAL_CONVERSION = YES;
				CLANG_WARN_OBJC_ROOT_CLASS = YES_ERROR;
				CLANG_WARN_RANGE_LOOP_ANALYSIS = YES;
				CLANG_WARN_STRICT_PROTOTYPES = YES;
				CLANG_WARN_SUSPICIOUS_MOVE = YES;
				CLANG_WARN_UNGUARDED_AVAILABILITY = YES_AGGRESSIVE;
				CLANG_WARN_UNREACHABLE_CODE = YES;
				CLANG_WARN__DUPLICATE_METHOD_MATCH = YES;
				CODE_SIGN_IDENTITY = "-";
				COPY_PHASE_STRIP = NO;
				DEBUG_INFORMATION_FORMAT = "dwarf-with-dsym";
				ENABLE_NS_ASSERTIONS = NO;
				ENABLE_STRICT_OBJC_MSGSEND = YES;
				GCC_C_LANGUAGE_STANDARD = gnu11;
				GCC_NO_COMMON_BLOCKS = YES;
				GCC_WARN_64_TO_32_BIT_CONVERSION = YES;
				GCC_WARN_ABOUT_RETURN_TYPE = YES_ERROR;
				GCC_WARN_UNDECLARED_SELECTOR = YES;
				GCC_WARN_UNINITIALIZED_AUTOS = YES_AGGRESSIVE;
				GCC_WARN_UNUSED_FUNCTION = YES;
				GCC_WARN_UNUSED_VARIABLE = YES;
				MACOSX_DEPLOYMENT_TARGET = 10.14;
				MTL_ENABLE_DEBUG_INFO = NO;
				MTL_FAST_MATH = YES;
				SDKROOT = macosx;
			};
			name = Release;
		};
		F0C4143A22DEC43D000363DE /* Debug */ = {
			isa = XCBuildConfiguration;
			buildSettings = {
				CODE_SIGN_STYLE = Automatic;
				FRAMEWORK_SEARCH_PATHS = (
					"$(inherited)",
					"$(PROJECT_DIR)",
					"$(SRCROOT)",
				);
				HEADER_SEARCH_PATHS = (
					"\"$(SRCROOT)/SDL2.framework/Headers\"",
					"\"$(SRCROOT)/SDL2_ttf.framework/Headers\"",
					"\"$(SRCROOT)/SDL2_image.framework/Headers\"",
				);
				PRODUCT_NAME = "$(TARGET_NAME)";
			};
			name = Debug;
		};
		F0C4143B22DEC43D000363DE /* Release */ = {
			isa = XCBuildConfiguration;
			buildSettings = {
				CODE_SIGN_STYLE = Automatic;
				FRAMEWORK_SEARCH_PATHS = (
					"$(inherited)",
					"$(PROJECT_DIR)",
					"$(SRCROOT)",
				);
				HEADER_SEARCH_PATHS = (
					"\"$(SRCROOT)/SDL2.framework/Headers\"",
					"\"$(SRCROOT)/SDL2_ttf.framework/Headers\"",
					"\"$(SRCROOT)/SDL2_image.framework/Headers\"",
				);
				PRODUCT_NAME = "$(TARGET_NAME)";
			};
			name = Release;
		};
/* End XCBuildConfiguration section */

/* Begin XCConfigurationList section */
		F0C4142D22DEC43D000363DE /* Build configuration list for PBXProject "Devolution_Beta" */ = {
			isa = XCConfigurationList;
			buildConfigurations = (
				F0C4143722DEC43D000363DE /* Debug */,
				F0C4143822DEC43D000363DE /* Release */,
			);
			defaultConfigurationIsVisible = 0;
			defaultConfigurationName = Release;
		};
		F0C4143922DEC43D000363DE /* Build configuration list for PBXNativeTarget "Devolution_Beta" */ = {
			isa = XCConfigurationList;
			buildConfigurations = (
				F0C4143A22DEC43D000363DE /* Debug */,
				F0C4143B22DEC43D000363DE /* Release */,
			);
			defaultConfigurationIsVisible = 0;
			defaultConfigurationName = Release;
		};
/* End XCConfigurationList section */
	};
	rootObject = F0C4142A22DEC43D000363DE /* Project object */;
}
