// !$*UTF8*$!
{
	archiveVersion = 1;
	classes = {
	};
	objectVersion = 50;
	objects = {

/* Begin PBXBuildFile section */
		F024C23122824A5F00C8FCD0 /* [C1] confront sister at home.txt in Sources */ = {isa = PBXBuildFile; fileRef = F0E4AE4F22823B8900641B53 /* [C1] confront sister at home.txt */; };
		F024C23B2282558B00C8FCD0 /* [C1.txt in CopyFiles */ = {isa = PBXBuildFile; fileRef = F0E4AE5122823B8900641B53 /* [C1.txt */; };
		F0DA39C222557E7A00A83874 /* main.c in Sources */ = {isa = PBXBuildFile; fileRef = F0DA39C122557E7A00A83874 /* main.c */; };
		F0E4AE5E22823B8900641B53 /* fileLoader.c in Sources */ = {isa = PBXBuildFile; fileRef = F0E4AE4C22823B8800641B53 /* fileLoader.c */; };
/* End PBXBuildFile section */

/* Begin PBXCopyFilesBuildPhase section */
		F0DA39BC22557E7A00A83874 /* CopyFiles */ = {
			isa = PBXCopyFilesBuildPhase;
			buildActionMask = 12;
			dstPath = "";
			dstSubfolderSpec = 16;
			files = (
				F024C23B2282558B00C8FCD0 /* [C1.txt in CopyFiles */,
			);
			runOnlyForDeploymentPostprocessing = 0;
		};
/* End PBXCopyFilesBuildPhase section */

/* Begin PBXFileReference section */
		F0DA39BE22557E7A00A83874 /* Assignment */ = {isa = PBXFileReference; explicitFileType = "compiled.mach-o.executable"; includeInIndex = 0; path = Assignment; sourceTree = BUILT_PRODUCTS_DIR; };
		F0DA39C122557E7A00A83874 /* main.c */ = {isa = PBXFileReference; lastKnownFileType = sourcecode.c.c; path = main.c; sourceTree = "<group>"; };
		F0E4AE4C22823B8800641B53 /* fileLoader.c */ = {isa = PBXFileReference; fileEncoding = 4; lastKnownFileType = sourcecode.c.c; path = fileLoader.c; sourceTree = "<group>"; };
		F0E4AE4F22823B8900641B53 /* [C1] confront sister at home.txt */ = {isa = PBXFileReference; fileEncoding = 4; lastKnownFileType = text; path = "[C1] confront sister at home.txt"; sourceTree = "<group>"; };
		F0E4AE5122823B8900641B53 /* [C1.txt */ = {isa = PBXFileReference; fileEncoding = 4; lastKnownFileType = text; path = "[C1.txt"; sourceTree = "<group>"; };
		F0E4AE5322823B8900641B53 /* [C1.txt */ = {isa = PBXFileReference; fileEncoding = 4; lastKnownFileType = text; path = "[C1.txt"; sourceTree = "<group>"; };
		F0E4AE5522823B8900641B53 /* [C1.txt */ = {isa = PBXFileReference; fileEncoding = 4; lastKnownFileType = text; path = "[C1.txt"; sourceTree = "<group>"; };
		F0E4AE5822823B8900641B53 /* [C1.txt */ = {isa = PBXFileReference; fileEncoding = 4; lastKnownFileType = text; path = "[C1.txt"; sourceTree = "<group>"; };
		F0E4AE5922823B8900641B53 /* [C1.txt */ = {isa = PBXFileReference; fileEncoding = 4; lastKnownFileType = text; path = "[C1.txt"; sourceTree = "<group>"; };
		F0E4AE5A22823B8900641B53 /* [C3].txt */ = {isa = PBXFileReference; fileEncoding = 4; lastKnownFileType = text; path = "[C3].txt"; sourceTree = "<group>"; };
		F0E4AE5B22823B8900641B53 /* [C2].txt */ = {isa = PBXFileReference; fileEncoding = 4; lastKnownFileType = text; path = "[C2].txt"; sourceTree = "<group>"; };
		F0E4AE5C22823B8900641B53 /* [C0] meeting Vagabonds.txt */ = {isa = PBXFileReference; fileEncoding = 4; lastKnownFileType = text; path = "[C0] meeting Vagabonds.txt"; sourceTree = "<group>"; };
		F0E4AE5D22823B8900641B53 /* fileLoader.h */ = {isa = PBXFileReference; fileEncoding = 4; lastKnownFileType = sourcecode.c.h; path = fileLoader.h; sourceTree = "<group>"; };
/* End PBXFileReference section */

/* Begin PBXFrameworksBuildPhase section */
		F0DA39BB22557E7A00A83874 /* Frameworks */ = {
			isa = PBXFrameworksBuildPhase;
			buildActionMask = 2147483647;
			files = (
			);
			runOnlyForDeploymentPostprocessing = 0;
		};
/* End PBXFrameworksBuildPhase section */

/* Begin PBXGroup section */
		F0DA39B522557E7A00A83874 = {
			isa = PBXGroup;
			children = (
				F0DA39C022557E7A00A83874 /* Assignment */,
				F0DA39BF22557E7A00A83874 /* Products */,
			);
			sourceTree = "<group>";
		};
		F0DA39BF22557E7A00A83874 /* Products */ = {
			isa = PBXGroup;
			children = (
				F0DA39BE22557E7A00A83874 /* Assignment */,
			);
			name = Products;
			sourceTree = "<group>";
		};
		F0DA39C022557E7A00A83874 /* Assignment */ = {
			isa = PBXGroup;
			children = (
				F0E4AE4D22823B8900641B53 /* Devolution */,
				F0E4AE4C22823B8800641B53 /* fileLoader.c */,
				F0E4AE5D22823B8900641B53 /* fileLoader.h */,
				F0DA39C122557E7A00A83874 /* main.c */,
			);
			path = Assignment;
			sourceTree = "<group>";
		};
		F0E4AE4D22823B8900641B53 /* Devolution */ = {
			isa = PBXGroup;
			children = (
				F0E4AE4E22823B8900641B53 /* [C0] meeting Vagabonds */,
				F0E4AE5C22823B8900641B53 /* [C0] meeting Vagabonds.txt */,
			);
			path = Devolution;
			sourceTree = "<group>";
		};
		F0E4AE4E22823B8900641B53 /* [C0] meeting Vagabonds */ = {
			isa = PBXGroup;
			children = (
				F0E4AE4F22823B8900641B53 /* [C1] confront sister at home.txt */,
				F0E4AE5022823B8900641B53 /* [C1] confront sister at home */,
				F0E4AE5A22823B8900641B53 /* [C3].txt */,
				F0E4AE5B22823B8900641B53 /* [C2].txt */,
			);
			path = "[C0] meeting Vagabonds";
			sourceTree = "<group>";
		};
		F0E4AE5022823B8900641B53 /* [C1] confront sister at home */ = {
			isa = PBXGroup;
			children = (
				F0E4AE5122823B8900641B53 /* [C1.txt */,
				F0E4AE5222823B8900641B53 /* [C1 */,
			);
			path = "[C1] confront sister at home";
			sourceTree = "<group>";
		};
		F0E4AE5222823B8900641B53 /* [C1 */ = {
			isa = PBXGroup;
			children = (
				F0E4AE5322823B8900641B53 /* [C1.txt */,
				F0E4AE5422823B8900641B53 /* [C1 */,
			);
			path = "[C1";
			sourceTree = "<group>";
		};
		F0E4AE5422823B8900641B53 /* [C1 */ = {
			isa = PBXGroup;
			children = (
				F0E4AE5522823B8900641B53 /* [C1.txt */,
				F0E4AE5622823B8900641B53 /* [C1 */,
			);
			path = "[C1";
			sourceTree = "<group>";
		};
		F0E4AE5622823B8900641B53 /* [C1 */ = {
			isa = PBXGroup;
			children = (
				F0E4AE5722823B8900641B53 /* [C1 */,
				F0E4AE5922823B8900641B53 /* [C1.txt */,
			);
			path = "[C1";
			sourceTree = "<group>";
		};
		F0E4AE5722823B8900641B53 /* [C1 */ = {
			isa = PBXGroup;
			children = (
				F0E4AE5822823B8900641B53 /* [C1.txt */,
			);
			path = "[C1";
			sourceTree = "<group>";
		};
/* End PBXGroup section */

/* Begin PBXNativeTarget section */
		F0DA39BD22557E7A00A83874 /* Assignment */ = {
			isa = PBXNativeTarget;
			buildConfigurationList = F0DA39C522557E7A00A83874 /* Build configuration list for PBXNativeTarget "Assignment" */;
			buildPhases = (
				F0DA39BA22557E7A00A83874 /* Sources */,
				F0DA39BB22557E7A00A83874 /* Frameworks */,
				F0DA39BC22557E7A00A83874 /* CopyFiles */,
			);
			buildRules = (
			);
			dependencies = (
			);
			name = Assignment;
			productName = Assignment;
			productReference = F0DA39BE22557E7A00A83874 /* Assignment */;
			productType = "com.apple.product-type.tool";
		};
/* End PBXNativeTarget section */

/* Begin PBXProject section */
		F0DA39B622557E7A00A83874 /* Project object */ = {
			isa = PBXProject;
			attributes = {
				LastUpgradeCheck = 1010;
				ORGANIZATIONNAME = CodeBound;
				TargetAttributes = {
					F0DA39BD22557E7A00A83874 = {
						CreatedOnToolsVersion = 10.1;
					};
				};
			};
			buildConfigurationList = F0DA39B922557E7A00A83874 /* Build configuration list for PBXProject "Assignment" */;
			compatibilityVersion = "Xcode 9.3";
			developmentRegion = en;
			hasScannedForEncodings = 0;
			knownRegions = (
				en,
			);
			mainGroup = F0DA39B522557E7A00A83874;
			productRefGroup = F0DA39BF22557E7A00A83874 /* Products */;
			projectDirPath = "";
			projectRoot = "";
			targets = (
				F0DA39BD22557E7A00A83874 /* Assignment */,
			);
		};
/* End PBXProject section */

/* Begin PBXSourcesBuildPhase section */
		F0DA39BA22557E7A00A83874 /* Sources */ = {
			isa = PBXSourcesBuildPhase;
			buildActionMask = 2147483647;
			files = (
				F024C23122824A5F00C8FCD0 /* [C1] confront sister at home.txt in Sources */,
				F0E4AE5E22823B8900641B53 /* fileLoader.c in Sources */,
				F0DA39C222557E7A00A83874 /* main.c in Sources */,
			);
			runOnlyForDeploymentPostprocessing = 0;
		};
/* End PBXSourcesBuildPhase section */

/* Begin XCBuildConfiguration section */
		F0DA39C322557E7A00A83874 /* Debug */ = {
			isa = XCBuildConfiguration;
			buildSettings = {
				ALWAYS_SEARCH_USER_PATHS = NO;
				CLANG_ANALYZER_NONNULL = YES;
				CLANG_ANALYZER_NUMBER_OBJECT_CONVERSION = YES_AGGRESSIVE;
				CLANG_CXX_LANGUAGE_STANDARD = "gnu++14";
				CLANG_CXX_LIBRARY = "libc++";
				CLANG_ENABLE_MODULES = YES;
				CLANG_ENABLE_OBJC_ARC = YES;
				CLANG_ENABLE_OBJC_WEAK = YES;
				CLANG_WARN_BLOCK_CAPTURE_AUTORELEASING = YES;
				CLANG_WARN_BOOL_CONVERSION = YES;
				CLANG_WARN_COMMA = YES;
				CLANG_WARN_CONSTANT_CONVERSION = YES;
				CLANG_WARN_DEPRECATED_OBJC_IMPLEMENTATIONS = YES;
				CLANG_WARN_DIRECT_OBJC_ISA_USAGE = YES_ERROR;
				CLANG_WARN_DOCUMENTATION_COMMENTS = YES;
				CLANG_WARN_EMPTY_BODY = YES;
				CLANG_WARN_ENUM_CONVERSION = YES;
				CLANG_WARN_INFINITE_RECURSION = YES;
				CLANG_WARN_INT_CONVERSION = YES;
				CLANG_WARN_NON_LITERAL_NULL_CONVERSION = YES;
				CLANG_WARN_OBJC_IMPLICIT_RETAIN_SELF = YES;
				CLANG_WARN_OBJC_LITERAL_CONVERSION = YES;
				CLANG_WARN_OBJC_ROOT_CLASS = YES_ERROR;
				CLANG_WARN_RANGE_LOOP_ANALYSIS = YES;
				CLANG_WARN_STRICT_PROTOTYPES = YES;
				CLANG_WARN_SUSPICIOUS_MOVE = YES;
				CLANG_WARN_UNGUARDED_AVAILABILITY = YES_AGGRESSIVE;
				CLANG_WARN_UNREACHABLE_CODE = YES;
				CLANG_WARN__DUPLICATE_METHOD_MATCH = YES;
				CODE_SIGN_IDENTITY = "-";
				COPY_PHASE_STRIP = NO;
				DEBUG_INFORMATION_FORMAT = dwarf;
				ENABLE_STRICT_OBJC_MSGSEND = YES;
				ENABLE_TESTABILITY = YES;
				GCC_C_LANGUAGE_STANDARD = gnu11;
				GCC_DYNAMIC_NO_PIC = NO;
				GCC_NO_COMMON_BLOCKS = YES;
				GCC_OPTIMIZATION_LEVEL = 0;
				GCC_PREPROCESSOR_DEFINITIONS = (
					"DEBUG=1",
					"$(inherited)",
				);
				GCC_WARN_64_TO_32_BIT_CONVERSION = YES;
				GCC_WARN_ABOUT_RETURN_TYPE = YES_ERROR;
				GCC_WARN_UNDECLARED_SELECTOR = YES;
				GCC_WARN_UNINITIALIZED_AUTOS = YES_AGGRESSIVE;
				GCC_WARN_UNUSED_FUNCTION = YES;
				GCC_WARN_UNUSED_VARIABLE = YES;
				MACOSX_DEPLOYMENT_TARGET = 10.13;
				MTL_ENABLE_DEBUG_INFO = INCLUDE_SOURCE;
				MTL_FAST_MATH = YES;
				ONLY_ACTIVE_ARCH = YES;
				SDKROOT = macosx;
			};
			name = Debug;
		};
		F0DA39C422557E7A00A83874 /* Release */ = {
			isa = XCBuildConfiguration;
			buildSettings = {
				ALWAYS_SEARCH_USER_PATHS = NO;
				CLANG_ANALYZER_NONNULL = YES;
				CLANG_ANALYZER_NUMBER_OBJECT_CONVERSION = YES_AGGRESSIVE;
				CLANG_CXX_LANGUAGE_STANDARD = "gnu++14";
				CLANG_CXX_LIBRARY = "libc++";
				CLANG_ENABLE_MODULES = YES;
				CLANG_ENABLE_OBJC_ARC = YES;
				CLANG_ENABLE_OBJC_WEAK = YES;
				CLANG_WARN_BLOCK_CAPTURE_AUTORELEASING = YES;
				CLANG_WARN_BOOL_CONVERSION = YES;
				CLANG_WARN_COMMA = YES;
				CLANG_WARN_CONSTANT_CONVERSION = YES;
				CLANG_WARN_DEPRECATED_OBJC_IMPLEMENTATIONS = YES;
				CLANG_WARN_DIRECT_OBJC_ISA_USAGE = YES_ERROR;
				CLANG_WARN_DOCUMENTATION_COMMENTS = YES;
				CLANG_WARN_EMPTY_BODY = YES;
				CLANG_WARN_ENUM_CONVERSION = YES;
				CLANG_WARN_INFINITE_RECURSION = YES;
				CLANG_WARN_INT_CONVERSION = YES;
				CLANG_WARN_NON_LITERAL_NULL_CONVERSION = YES;
				CLANG_WARN_OBJC_IMPLICIT_RETAIN_SELF = YES;
				CLANG_WARN_OBJC_LITERAL_CONVERSION = YES;
				CLANG_WARN_OBJC_ROOT_CLASS = YES_ERROR;
				CLANG_WARN_RANGE_LOOP_ANALYSIS = YES;
				CLANG_WARN_STRICT_PROTOTYPES = YES;
				CLANG_WARN_SUSPICIOUS_MOVE = YES;
				CLANG_WARN_UNGUARDED_AVAILABILITY = YES_AGGRESSIVE;
				CLANG_WARN_UNREACHABLE_CODE = YES;
				CLANG_WARN__DUPLICATE_METHOD_MATCH = YES;
				CODE_SIGN_IDENTITY = "-";
				COPY_PHASE_STRIP = NO;
				DEBUG_INFORMATION_FORMAT = "dwarf-with-dsym";
				ENABLE_NS_ASSERTIONS = NO;
				ENABLE_STRICT_OBJC_MSGSEND = YES;
				GCC_C_LANGUAGE_STANDARD = gnu11;
				GCC_NO_COMMON_BLOCKS = YES;
				GCC_WARN_64_TO_32_BIT_CONVERSION = YES;
				GCC_WARN_ABOUT_RETURN_TYPE = YES_ERROR;
				GCC_WARN_UNDECLARED_SELECTOR = YES;
				GCC_WARN_UNINITIALIZED_AUTOS = YES_AGGRESSIVE;
				GCC_WARN_UNUSED_FUNCTION = YES;
				GCC_WARN_UNUSED_VARIABLE = YES;
				MACOSX_DEPLOYMENT_TARGET = 10.13;
				MTL_ENABLE_DEBUG_INFO = NO;
				MTL_FAST_MATH = YES;
				SDKROOT = macosx;
			};
			name = Release;
		};
		F0DA39C622557E7A00A83874 /* Debug */ = {
			isa = XCBuildConfiguration;
			buildSettings = {
				CODE_SIGN_STYLE = Automatic;
				PRODUCT_NAME = "$(TARGET_NAME)";
			};
			name = Debug;
		};
		F0DA39C722557E7A00A83874 /* Release */ = {
			isa = XCBuildConfiguration;
			buildSettings = {
				CODE_SIGN_STYLE = Automatic;
				PRODUCT_NAME = "$(TARGET_NAME)";
			};
			name = Release;
		};
/* End XCBuildConfiguration section */

/* Begin XCConfigurationList section */
		F0DA39B922557E7A00A83874 /* Build configuration list for PBXProject "Assignment" */ = {
			isa = XCConfigurationList;
			buildConfigurations = (
				F0DA39C322557E7A00A83874 /* Debug */,
				F0DA39C422557E7A00A83874 /* Release */,
			);
			defaultConfigurationIsVisible = 0;
			defaultConfigurationName = Release;
		};
		F0DA39C522557E7A00A83874 /* Build configuration list for PBXNativeTarget "Assignment" */ = {
			isa = XCConfigurationList;
			buildConfigurations = (
				F0DA39C622557E7A00A83874 /* Debug */,
				F0DA39C722557E7A00A83874 /* Release */,
			);
			defaultConfigurationIsVisible = 0;
			defaultConfigurationName = Release;
		};
/* End XCConfigurationList section */
	};
	rootObject = F0DA39B622557E7A00A83874 /* Project object */;
}
